github.com/corbym/gocrest v1.0.9 h1:AwVtVXgT0a54EkadRRuZrzcK9TWP81v0vOdWUjU8j48=
github.com/corbym/gocrest v1.0.9/go.mod h1:lF3xBPnOU5DYDpa/vUq63SMxUhd5UAwGgmA8Z2pJ/Tk=
github.com/corbym/gocrest v1.0.10 h1:cbclzGWSMlCoV6AdNi9ARiQyr7AlmNQG9Ls/g2Q1mSA=
github.com/corbym/gocrest v1.0.10/go.mod h1:lF3xBPnOU5DYDpa/vUq63SMxUhd5UAwGgmA8Z2pJ/Tk=
github.com/fatih/camelcase v1.0.0 h1:hxNvNX/xYBp0ovncs8WyWZrOrpBNub/JfaMvbURyft8=
github.com/fatih/camelcase v1.0.0/go.mod h1:yN2Sb0lFhZJUdVvtELVWefmrXpuZESvPmqwoZc+/fpc=
