# This file is autogenerated, do not edit; changes may be undone by the next 'dep ensure'.


[[projects]]
  name = "github.com/corbym/gocrest"
  packages = [".","has","is","then"]
  revision = "f9449d272153928bfef651d4595590953d34b611"
  version = "v1.0.3"

[[projects]]
  name = "github.com/corbym/htmlspec"
  packages = ["."]
  revision = "3f38e55d48567f98ae399840aad00579b8ad239e"

[[projects]]
  branch = "master"
  name = "github.com/fatih/camelcase"
  packages = ["."]
  revision = "44e46d280b43ec1531bb25252440e34f1b800b65"

[solve-meta]
  analyzer-name = "dep"
  analyzer-version = 1
  inputs-digest = "45c55669e9a9fc28bc6f809c8c00d5c719355b86378b70ad9d61e046c1941108"
  solver-name = "gps-cdcl"
  solver-version = 1
