# This file is autogenerated, do not edit; changes may be undone by the next 'dep ensure'.


[[projects]]
  name = "github.com/corbym/gocrest"
  packages = [".","has","is","then"]
  revision = "190aad5060656f4c8a80c51fba0874cea11e3556"
  version = "v1.02"

[[projects]]
  name = "github.com/corbym/htmlspec"
  packages = ["."]
  revision = "52909fed67df43274dfa0aa9d7985a500f6eef4b"
  version = "v1.1.0"

[[projects]]
  branch = "master"
  name = "github.com/fatih/camelcase"
  packages = ["."]
  revision = "44e46d280b43ec1531bb25252440e34f1b800b65"

[solve-meta]
  analyzer-name = "dep"
  analyzer-version = 1
  inputs-digest = "bd38fdcadeae3be0349265bf5bb3fd6b45ea45f78a3000688a457e7512745763"
  solver-name = "gps-cdcl"
  solver-version = 1
