# This file is autogenerated, do not edit; changes may be undone by the next 'dep ensure'.


[[projects]]
  name = "github.com/corbym/gocrest"
  packages = [".","has","is","then"]
  revision = "190aad5060656f4c8a80c51fba0874cea11e3556"
  version = "v1.02"

[[projects]]
  name = "github.com/corbym/htmlspec"
  packages = ["."]
  revision = "3f38e55d48567f98ae399840aad00579b8ad239e"

[[projects]]
  branch = "master"
  name = "github.com/fatih/camelcase"
  packages = ["."]
  revision = "44e46d280b43ec1531bb25252440e34f1b800b65"

[solve-meta]
  analyzer-name = "dep"
  analyzer-version = 1
  inputs-digest = "de48e01e818518eb325fbd80604e33debf78a0b9b9a89899081f6a099d433cae"
  solver-name = "gps-cdcl"
  solver-version = 1
